// !$*UTF8*$!
{
	archiveVersion = 1;
	classes = {
	};
	objectVersion = 51;
	objects = {

/* Begin PBXBuildFile section */
		AB46DC1D21CD1871618A241F /* Pods_TwittaTests.framework in Frameworks */ = {isa = PBXBuildFile; fileRef = 1B06C818BE3B215BFEF24897 /* Pods_TwittaTests.framework */; };
		BA015DAF23FCE4E700DD84D1 /* FloatingButton.swift in Sources */ = {isa = PBXBuildFile; fileRef = BA015DAE23FCE4E700DD84D1 /* FloatingButton.swift */; };
		BA015DB223FCE9DD00DD84D1 /* CreateTwitt.swift in Sources */ = {isa = PBXBuildFile; fileRef = BA015DB123FCE9DD00DD84D1 /* CreateTwitt.swift */; };
		BA20647123F7D11A009DF273 /* GoogleService-Info.plist in Resources */ = {isa = PBXBuildFile; fileRef = BA20647023F7D11A009DF273 /* GoogleService-Info.plist */; };
		BA20647323F7E12F009DF273 /* Twitt.swift in Sources */ = {isa = PBXBuildFile; fileRef = BA20647223F7E12F009DF273 /* Twitt.swift */; };
		BA33BCB323FD26FF00B4DE2B /* TextView.swift in Sources */ = {isa = PBXBuildFile; fileRef = BA33BCB223FD26FF00B4DE2B /* TextView.swift */; };
		BAC4EFE823F7B69200DE5A1B /* AppDelegate.swift in Sources */ = {isa = PBXBuildFile; fileRef = BAC4EFE723F7B69200DE5A1B /* AppDelegate.swift */; };
		BAC4EFEA23F7B69200DE5A1B /* SceneDelegate.swift in Sources */ = {isa = PBXBuildFile; fileRef = BAC4EFE923F7B69200DE5A1B /* SceneDelegate.swift */; };
		BAC4EFEC23F7B69200DE5A1B /* ContentView.swift in Sources */ = {isa = PBXBuildFile; fileRef = BAC4EFEB23F7B69200DE5A1B /* ContentView.swift */; };
		BAC4EFEE23F7B69500DE5A1B /* Assets.xcassets in Resources */ = {isa = PBXBuildFile; fileRef = BAC4EFED23F7B69500DE5A1B /* Assets.xcassets */; };
		BAC4EFF123F7B69500DE5A1B /* Preview Assets.xcassets in Resources */ = {isa = PBXBuildFile; fileRef = BAC4EFF023F7B69500DE5A1B /* Preview Assets.xcassets */; };
		BAC4EFF423F7B69500DE5A1B /* LaunchScreen.storyboard in Resources */ = {isa = PBXBuildFile; fileRef = BAC4EFF223F7B69500DE5A1B /* LaunchScreen.storyboard */; };
		BAC4EFFF23F7B69500DE5A1B /* TwittaTests.swift in Sources */ = {isa = PBXBuildFile; fileRef = BAC4EFFE23F7B69500DE5A1B /* TwittaTests.swift */; };
		BAC4F00A23F7B69500DE5A1B /* TwittaUITests.swift in Sources */ = {isa = PBXBuildFile; fileRef = BAC4F00923F7B69500DE5A1B /* TwittaUITests.swift */; };
		DD105C96A4B9C378C474030C /* Pods_Twitta.framework in Frameworks */ = {isa = PBXBuildFile; fileRef = 21B1EAF2EFE633EB8C72CDFF /* Pods_Twitta.framework */; };
		FFB25D3F51CF58A280179C40 /* Pods_Twitta_TwittaUITests.framework in Frameworks */ = {isa = PBXBuildFile; fileRef = 6B8C05BA0401D41129761E19 /* Pods_Twitta_TwittaUITests.framework */; };
/* End PBXBuildFile section */

/* Begin PBXContainerItemProxy section */
		BAC4EFFB23F7B69500DE5A1B /* PBXContainerItemProxy */ = {
			isa = PBXContainerItemProxy;
			containerPortal = BAC4EFDC23F7B69200DE5A1B /* Project object */;
			proxyType = 1;
			remoteGlobalIDString = BAC4EFE323F7B69200DE5A1B;
			remoteInfo = Twitta;
		};
		BAC4F00623F7B69500DE5A1B /* PBXContainerItemProxy */ = {
			isa = PBXContainerItemProxy;
			containerPortal = BAC4EFDC23F7B69200DE5A1B /* Project object */;
			proxyType = 1;
			remoteGlobalIDString = BAC4EFE323F7B69200DE5A1B;
			remoteInfo = Twitta;
		};
/* End PBXContainerItemProxy section */

/* Begin PBXFileReference section */
		1B06C818BE3B215BFEF24897 /* Pods_TwittaTests.framework */ = {isa = PBXFileReference; explicitFileType = wrapper.framework; includeInIndex = 0; path = Pods_TwittaTests.framework; sourceTree = BUILT_PRODUCTS_DIR; };
		21B1EAF2EFE633EB8C72CDFF /* Pods_Twitta.framework */ = {isa = PBXFileReference; explicitFileType = wrapper.framework; includeInIndex = 0; path = Pods_Twitta.framework; sourceTree = BUILT_PRODUCTS_DIR; };
		6AB9BEB1A0FF618D40D22BFB /* Pods-Twitta-TwittaUITests.release.xcconfig */ = {isa = PBXFileReference; includeInIndex = 1; lastKnownFileType = text.xcconfig; name = "Pods-Twitta-TwittaUITests.release.xcconfig"; path = "Target Support Files/Pods-Twitta-TwittaUITests/Pods-Twitta-TwittaUITests.release.xcconfig"; sourceTree = "<group>"; };
		6B8C05BA0401D41129761E19 /* Pods_Twitta_TwittaUITests.framework */ = {isa = PBXFileReference; explicitFileType = wrapper.framework; includeInIndex = 0; path = Pods_Twitta_TwittaUITests.framework; sourceTree = BUILT_PRODUCTS_DIR; };
		6C80C78B6F73F0701C49F0B8 /* Pods-Twitta-TwittaUITests.debug.xcconfig */ = {isa = PBXFileReference; includeInIndex = 1; lastKnownFileType = text.xcconfig; name = "Pods-Twitta-TwittaUITests.debug.xcconfig"; path = "Target Support Files/Pods-Twitta-TwittaUITests/Pods-Twitta-TwittaUITests.debug.xcconfig"; sourceTree = "<group>"; };
		A6F580E347DD41AE38385B7F /* Pods-TwittaTests.release.xcconfig */ = {isa = PBXFileReference; includeInIndex = 1; lastKnownFileType = text.xcconfig; name = "Pods-TwittaTests.release.xcconfig"; path = "Target Support Files/Pods-TwittaTests/Pods-TwittaTests.release.xcconfig"; sourceTree = "<group>"; };
		B8DFC2BEC3CE66A0E6E3789F /* Pods-Twitta.release.xcconfig */ = {isa = PBXFileReference; includeInIndex = 1; lastKnownFileType = text.xcconfig; name = "Pods-Twitta.release.xcconfig"; path = "Target Support Files/Pods-Twitta/Pods-Twitta.release.xcconfig"; sourceTree = "<group>"; };
		BA015DAE23FCE4E700DD84D1 /* FloatingButton.swift */ = {isa = PBXFileReference; lastKnownFileType = sourcecode.swift; path = FloatingButton.swift; sourceTree = "<group>"; };
		BA015DB123FCE9DD00DD84D1 /* CreateTwitt.swift */ = {isa = PBXFileReference; lastKnownFileType = sourcecode.swift; path = CreateTwitt.swift; sourceTree = "<group>"; };
		BA20647023F7D11A009DF273 /* GoogleService-Info.plist */ = {isa = PBXFileReference; fileEncoding = 4; lastKnownFileType = text.plist.xml; path = "GoogleService-Info.plist"; sourceTree = "<group>"; };
		BA20647223F7E12F009DF273 /* Twitt.swift */ = {isa = PBXFileReference; lastKnownFileType = sourcecode.swift; path = Twitt.swift; sourceTree = "<group>"; };
		BA33BCB223FD26FF00B4DE2B /* TextView.swift */ = {isa = PBXFileReference; lastKnownFileType = sourcecode.swift; path = TextView.swift; sourceTree = "<group>"; };
		BAC4EFE423F7B69200DE5A1B /* Twitta.app */ = {isa = PBXFileReference; explicitFileType = wrapper.application; includeInIndex = 0; path = Twitta.app; sourceTree = BUILT_PRODUCTS_DIR; };
		BAC4EFE723F7B69200DE5A1B /* AppDelegate.swift */ = {isa = PBXFileReference; lastKnownFileType = sourcecode.swift; path = AppDelegate.swift; sourceTree = "<group>"; };
		BAC4EFE923F7B69200DE5A1B /* SceneDelegate.swift */ = {isa = PBXFileReference; lastKnownFileType = sourcecode.swift; path = SceneDelegate.swift; sourceTree = "<group>"; };
		BAC4EFEB23F7B69200DE5A1B /* ContentView.swift */ = {isa = PBXFileReference; lastKnownFileType = sourcecode.swift; path = ContentView.swift; sourceTree = "<group>"; };
		BAC4EFED23F7B69500DE5A1B /* Assets.xcassets */ = {isa = PBXFileReference; lastKnownFileType = folder.assetcatalog; path = Assets.xcassets; sourceTree = "<group>"; };
		BAC4EFF023F7B69500DE5A1B /* Preview Assets.xcassets */ = {isa = PBXFileReference; lastKnownFileType = folder.assetcatalog; path = "Preview Assets.xcassets"; sourceTree = "<group>"; };
		BAC4EFF323F7B69500DE5A1B /* Base */ = {isa = PBXFileReference; lastKnownFileType = file.storyboard; name = Base; path = Base.lproj/LaunchScreen.storyboard; sourceTree = "<group>"; };
		BAC4EFF523F7B69500DE5A1B /* Info.plist */ = {isa = PBXFileReference; lastKnownFileType = text.plist.xml; path = Info.plist; sourceTree = "<group>"; };
		BAC4EFFA23F7B69500DE5A1B /* TwittaTests.xctest */ = {isa = PBXFileReference; explicitFileType = wrapper.cfbundle; includeInIndex = 0; path = TwittaTests.xctest; sourceTree = BUILT_PRODUCTS_DIR; };
		BAC4EFFE23F7B69500DE5A1B /* TwittaTests.swift */ = {isa = PBXFileReference; lastKnownFileType = sourcecode.swift; path = TwittaTests.swift; sourceTree = "<group>"; };
		BAC4F00023F7B69500DE5A1B /* Info.plist */ = {isa = PBXFileReference; lastKnownFileType = text.plist.xml; path = Info.plist; sourceTree = "<group>"; };
		BAC4F00523F7B69500DE5A1B /* TwittaUITests.xctest */ = {isa = PBXFileReference; explicitFileType = wrapper.cfbundle; includeInIndex = 0; path = TwittaUITests.xctest; sourceTree = BUILT_PRODUCTS_DIR; };
		BAC4F00923F7B69500DE5A1B /* TwittaUITests.swift */ = {isa = PBXFileReference; lastKnownFileType = sourcecode.swift; path = TwittaUITests.swift; sourceTree = "<group>"; };
		BAC4F00B23F7B69500DE5A1B /* Info.plist */ = {isa = PBXFileReference; lastKnownFileType = text.plist.xml; path = Info.plist; sourceTree = "<group>"; };
		DCE5DD35B9236F26949D523B /* Pods-TwittaTests.debug.xcconfig */ = {isa = PBXFileReference; includeInIndex = 1; lastKnownFileType = text.xcconfig; name = "Pods-TwittaTests.debug.xcconfig"; path = "Target Support Files/Pods-TwittaTests/Pods-TwittaTests.debug.xcconfig"; sourceTree = "<group>"; };
		EF0E928C57B71189713AB4EF /* Pods-Twitta.debug.xcconfig */ = {isa = PBXFileReference; includeInIndex = 1; lastKnownFileType = text.xcconfig; name = "Pods-Twitta.debug.xcconfig"; path = "Target Support Files/Pods-Twitta/Pods-Twitta.debug.xcconfig"; sourceTree = "<group>"; };
/* End PBXFileReference section */

/* Begin PBXFrameworksBuildPhase section */
		BAC4EFE123F7B69200DE5A1B /* Frameworks */ = {
			isa = PBXFrameworksBuildPhase;
			buildActionMask = 2147483647;
			files = (
				DD105C96A4B9C378C474030C /* Pods_Twitta.framework in Frameworks */,
			);
			runOnlyForDeploymentPostprocessing = 0;
		};
		BAC4EFF723F7B69500DE5A1B /* Frameworks */ = {
			isa = PBXFrameworksBuildPhase;
			buildActionMask = 2147483647;
			files = (
				AB46DC1D21CD1871618A241F /* Pods_TwittaTests.framework in Frameworks */,
			);
			runOnlyForDeploymentPostprocessing = 0;
		};
		BAC4F00223F7B69500DE5A1B /* Frameworks */ = {
			isa = PBXFrameworksBuildPhase;
			buildActionMask = 2147483647;
			files = (
				FFB25D3F51CF58A280179C40 /* Pods_Twitta_TwittaUITests.framework in Frameworks */,
			);
			runOnlyForDeploymentPostprocessing = 0;
		};
/* End PBXFrameworksBuildPhase section */

/* Begin PBXGroup section */
		3F967C625C9099DAB56115FF /* Frameworks */ = {
			isa = PBXGroup;
			children = (
				21B1EAF2EFE633EB8C72CDFF /* Pods_Twitta.framework */,
				6B8C05BA0401D41129761E19 /* Pods_Twitta_TwittaUITests.framework */,
				1B06C818BE3B215BFEF24897 /* Pods_TwittaTests.framework */,
			);
			name = Frameworks;
			sourceTree = "<group>";
		};
		BA015DB023FCE9C500DD84D1 /* CreateTwitt */ = {
			isa = PBXGroup;
			children = (
				BA015DB123FCE9DD00DD84D1 /* CreateTwitt.swift */,
			);
			path = CreateTwitt;
			sourceTree = "<group>";
		};
		BA33BCB523FD31F700B4DE2B /* UIComponents */ = {
			isa = PBXGroup;
			children = (
				BA015DAE23FCE4E700DD84D1 /* FloatingButton.swift */,
				BA33BCB223FD26FF00B4DE2B /* TextView.swift */,
			);
			path = UIComponents;
			sourceTree = "<group>";
		};
		BAC4EFDB23F7B69200DE5A1B = {
			isa = PBXGroup;
			children = (
				BAC4EFE623F7B69200DE5A1B /* Twitta */,
				BAC4EFFD23F7B69500DE5A1B /* TwittaTests */,
				BAC4F00823F7B69500DE5A1B /* TwittaUITests */,
				BAC4EFE523F7B69200DE5A1B /* Products */,
				F8F5271812FDB1168CDF1399 /* Pods */,
				3F967C625C9099DAB56115FF /* Frameworks */,
			);
			sourceTree = "<group>";
		};
		BAC4EFE523F7B69200DE5A1B /* Products */ = {
			isa = PBXGroup;
			children = (
				BAC4EFE423F7B69200DE5A1B /* Twitta.app */,
				BAC4EFFA23F7B69500DE5A1B /* TwittaTests.xctest */,
				BAC4F00523F7B69500DE5A1B /* TwittaUITests.xctest */,
			);
			name = Products;
			sourceTree = "<group>";
		};
		BAC4EFE623F7B69200DE5A1B /* Twitta */ = {
			isa = PBXGroup;
			children = (
				BA33BCB523FD31F700B4DE2B /* UIComponents */,
				BA015DB023FCE9C500DD84D1 /* CreateTwitt */,
				BA20647023F7D11A009DF273 /* GoogleService-Info.plist */,
				BAC4EFE723F7B69200DE5A1B /* AppDelegate.swift */,
				BAC4EFE923F7B69200DE5A1B /* SceneDelegate.swift */,
				BAC4EFEB23F7B69200DE5A1B /* ContentView.swift */,
				BAC4EFED23F7B69500DE5A1B /* Assets.xcassets */,
				BAC4EFF223F7B69500DE5A1B /* LaunchScreen.storyboard */,
				BAC4EFF523F7B69500DE5A1B /* Info.plist */,
				BAC4EFEF23F7B69500DE5A1B /* Preview Content */,
				BA20647223F7E12F009DF273 /* Twitt.swift */,
			);
			path = Twitta;
			sourceTree = "<group>";
		};
		BAC4EFEF23F7B69500DE5A1B /* Preview Content */ = {
			isa = PBXGroup;
			children = (
				BAC4EFF023F7B69500DE5A1B /* Preview Assets.xcassets */,
			);
			path = "Preview Content";
			sourceTree = "<group>";
		};
		BAC4EFFD23F7B69500DE5A1B /* TwittaTests */ = {
			isa = PBXGroup;
			children = (
				BAC4EFFE23F7B69500DE5A1B /* TwittaTests.swift */,
				BAC4F00023F7B69500DE5A1B /* Info.plist */,
			);
			path = TwittaTests;
			sourceTree = "<group>";
		};
		BAC4F00823F7B69500DE5A1B /* TwittaUITests */ = {
			isa = PBXGroup;
			children = (
				BAC4F00923F7B69500DE5A1B /* TwittaUITests.swift */,
				BAC4F00B23F7B69500DE5A1B /* Info.plist */,
			);
			path = TwittaUITests;
			sourceTree = "<group>";
		};
		F8F5271812FDB1168CDF1399 /* Pods */ = {
			isa = PBXGroup;
			children = (
				EF0E928C57B71189713AB4EF /* Pods-Twitta.debug.xcconfig */,
				B8DFC2BEC3CE66A0E6E3789F /* Pods-Twitta.release.xcconfig */,
				6C80C78B6F73F0701C49F0B8 /* Pods-Twitta-TwittaUITests.debug.xcconfig */,
				6AB9BEB1A0FF618D40D22BFB /* Pods-Twitta-TwittaUITests.release.xcconfig */,
				DCE5DD35B9236F26949D523B /* Pods-TwittaTests.debug.xcconfig */,
				A6F580E347DD41AE38385B7F /* Pods-TwittaTests.release.xcconfig */,
			);
			path = Pods;
			sourceTree = "<group>";
		};
/* End PBXGroup section */

/* Begin PBXNativeTarget section */
		BAC4EFE323F7B69200DE5A1B /* Twitta */ = {
			isa = PBXNativeTarget;
			buildConfigurationList = BAC4F00E23F7B69500DE5A1B /* Build configuration list for PBXNativeTarget "Twitta" */;
			buildPhases = (
				778703DED047972B2518F401 /* [CP] Check Pods Manifest.lock */,
				BAC4EFE023F7B69200DE5A1B /* Sources */,
				BAC4EFE123F7B69200DE5A1B /* Frameworks */,
				BAC4EFE223F7B69200DE5A1B /* Resources */,
				12230C636842F27822107EB1 /* [CP] Embed Pods Frameworks */,
			);
			buildRules = (
			);
			dependencies = (
			);
			name = Twitta;
			productName = Twitta;
			productReference = BAC4EFE423F7B69200DE5A1B /* Twitta.app */;
			productType = "com.apple.product-type.application";
		};
		BAC4EFF923F7B69500DE5A1B /* TwittaTests */ = {
			isa = PBXNativeTarget;
			buildConfigurationList = BAC4F01123F7B69500DE5A1B /* Build configuration list for PBXNativeTarget "TwittaTests" */;
			buildPhases = (
				8E296F2F826949236169A6C6 /* [CP] Check Pods Manifest.lock */,
				BAC4EFF623F7B69500DE5A1B /* Sources */,
				BAC4EFF723F7B69500DE5A1B /* Frameworks */,
				BAC4EFF823F7B69500DE5A1B /* Resources */,
			);
			buildRules = (
			);
			dependencies = (
				BAC4EFFC23F7B69500DE5A1B /* PBXTargetDependency */,
			);
			name = TwittaTests;
			productName = TwittaTests;
			productReference = BAC4EFFA23F7B69500DE5A1B /* TwittaTests.xctest */;
			productType = "com.apple.product-type.bundle.unit-test";
		};
		BAC4F00423F7B69500DE5A1B /* TwittaUITests */ = {
			isa = PBXNativeTarget;
			buildConfigurationList = BAC4F01423F7B69500DE5A1B /* Build configuration list for PBXNativeTarget "TwittaUITests" */;
			buildPhases = (
				411CF4E0D0449F82620CBA4E /* [CP] Check Pods Manifest.lock */,
				BAC4F00123F7B69500DE5A1B /* Sources */,
				BAC4F00223F7B69500DE5A1B /* Frameworks */,
				BAC4F00323F7B69500DE5A1B /* Resources */,
				7BBE911AAC1F170B9F8AA5A5 /* [CP] Embed Pods Frameworks */,
			);
			buildRules = (
			);
			dependencies = (
				BAC4F00723F7B69500DE5A1B /* PBXTargetDependency */,
			);
			name = TwittaUITests;
			productName = TwittaUITests;
			productReference = BAC4F00523F7B69500DE5A1B /* TwittaUITests.xctest */;
			productType = "com.apple.product-type.bundle.ui-testing";
		};
/* End PBXNativeTarget section */

/* Begin PBXProject section */
		BAC4EFDC23F7B69200DE5A1B /* Project object */ = {
			isa = PBXProject;
			attributes = {
				LastSwiftUpdateCheck = 1130;
				LastUpgradeCheck = 1130;
				ORGANIZATIONNAME = "Henry Paulino";
				TargetAttributes = {
					BAC4EFE323F7B69200DE5A1B = {
						CreatedOnToolsVersion = 11.3.1;
					};
					BAC4EFF923F7B69500DE5A1B = {
						CreatedOnToolsVersion = 11.3.1;
						TestTargetID = BAC4EFE323F7B69200DE5A1B;
					};
					BAC4F00423F7B69500DE5A1B = {
						CreatedOnToolsVersion = 11.3.1;
						TestTargetID = BAC4EFE323F7B69200DE5A1B;
					};
				};
			};
			buildConfigurationList = BAC4EFDF23F7B69200DE5A1B /* Build configuration list for PBXProject "Twitta" */;
			compatibilityVersion = "Xcode 9.3";
			developmentRegion = en;
			hasScannedForEncodings = 0;
			knownRegions = (
				en,
				Base,
			);
			mainGroup = BAC4EFDB23F7B69200DE5A1B;
			productRefGroup = BAC4EFE523F7B69200DE5A1B /* Products */;
			projectDirPath = "";
			projectRoot = "";
			targets = (
				BAC4EFE323F7B69200DE5A1B /* Twitta */,
				BAC4EFF923F7B69500DE5A1B /* TwittaTests */,
				BAC4F00423F7B69500DE5A1B /* TwittaUITests */,
			);
		};
/* End PBXProject section */

/* Begin PBXResourcesBuildPhase section */
		BAC4EFE223F7B69200DE5A1B /* Resources */ = {
			isa = PBXResourcesBuildPhase;
			buildActionMask = 2147483647;
			files = (
				BAC4EFF423F7B69500DE5A1B /* LaunchScreen.storyboard in Resources */,
				BA20647123F7D11A009DF273 /* GoogleService-Info.plist in Resources */,
				BAC4EFF123F7B69500DE5A1B /* Preview Assets.xcassets in Resources */,
				BAC4EFEE23F7B69500DE5A1B /* Assets.xcassets in Resources */,
			);
			runOnlyForDeploymentPostprocessing = 0;
		};
		BAC4EFF823F7B69500DE5A1B /* Resources */ = {
			isa = PBXResourcesBuildPhase;
			buildActionMask = 2147483647;
			files = (
			);
			runOnlyForDeploymentPostprocessing = 0;
		};
		BAC4F00323F7B69500DE5A1B /* Resources */ = {
			isa = PBXResourcesBuildPhase;
			buildActionMask = 2147483647;
			files = (
			);
			runOnlyForDeploymentPostprocessing = 0;
		};
/* End PBXResourcesBuildPhase section */

/* Begin PBXShellScriptBuildPhase section */
		12230C636842F27822107EB1 /* [CP] Embed Pods Frameworks */ = {
			isa = PBXShellScriptBuildPhase;
			buildActionMask = 2147483647;
			files = (
			);
			inputFileListPaths = (
				"${PODS_ROOT}/Target Support Files/Pods-Twitta/Pods-Twitta-frameworks-${CONFIGURATION}-input-files.xcfilelist",
			);
			name = "[CP] Embed Pods Frameworks";
			outputFileListPaths = (
				"${PODS_ROOT}/Target Support Files/Pods-Twitta/Pods-Twitta-frameworks-${CONFIGURATION}-output-files.xcfilelist",
			);
			runOnlyForDeploymentPostprocessing = 0;
			shellPath = /bin/sh;
			shellScript = "\"${PODS_ROOT}/Target Support Files/Pods-Twitta/Pods-Twitta-frameworks.sh\"\n";
			showEnvVarsInLog = 0;
		};
		411CF4E0D0449F82620CBA4E /* [CP] Check Pods Manifest.lock */ = {
			isa = PBXShellScriptBuildPhase;
			buildActionMask = 2147483647;
			files = (
			);
			inputFileListPaths = (
			);
			inputPaths = (
				"${PODS_PODFILE_DIR_PATH}/Podfile.lock",
				"${PODS_ROOT}/Manifest.lock",
			);
			name = "[CP] Check Pods Manifest.lock";
			outputFileListPaths = (
			);
			outputPaths = (
				"$(DERIVED_FILE_DIR)/Pods-Twitta-TwittaUITests-checkManifestLockResult.txt",
			);
			runOnlyForDeploymentPostprocessing = 0;
			shellPath = /bin/sh;
			shellScript = "diff \"${PODS_PODFILE_DIR_PATH}/Podfile.lock\" \"${PODS_ROOT}/Manifest.lock\" > /dev/null\nif [ $? != 0 ] ; then\n    # print error to STDERR\n    echo \"error: The sandbox is not in sync with the Podfile.lock. Run 'pod install' or update your CocoaPods installation.\" >&2\n    exit 1\nfi\n# This output is used by Xcode 'outputs' to avoid re-running this script phase.\necho \"SUCCESS\" > \"${SCRIPT_OUTPUT_FILE_0}\"\n";
			showEnvVarsInLog = 0;
		};
		778703DED047972B2518F401 /* [CP] Check Pods Manifest.lock */ = {
			isa = PBXShellScriptBuildPhase;
			buildActionMask = 2147483647;
			files = (
			);
			inputFileListPaths = (
			);
			inputPaths = (
				"${PODS_PODFILE_DIR_PATH}/Podfile.lock",
				"${PODS_ROOT}/Manifest.lock",
			);
			name = "[CP] Check Pods Manifest.lock";
			outputFileListPaths = (
			);
			outputPaths = (
				"$(DERIVED_FILE_DIR)/Pods-Twitta-checkManifestLockResult.txt",
			);
			runOnlyForDeploymentPostprocessing = 0;
			shellPath = /bin/sh;
			shellScript = "diff \"${PODS_PODFILE_DIR_PATH}/Podfile.lock\" \"${PODS_ROOT}/Manifest.lock\" > /dev/null\nif [ $? != 0 ] ; then\n    # print error to STDERR\n    echo \"error: The sandbox is not in sync with the Podfile.lock. Run 'pod install' or update your CocoaPods installation.\" >&2\n    exit 1\nfi\n# This output is used by Xcode 'outputs' to avoid re-running this script phase.\necho \"SUCCESS\" > \"${SCRIPT_OUTPUT_FILE_0}\"\n";
			showEnvVarsInLog = 0;
		};
		7BBE911AAC1F170B9F8AA5A5 /* [CP] Embed Pods Frameworks */ = {
			isa = PBXShellScriptBuildPhase;
			buildActionMask = 2147483647;
			files = (
			);
			inputFileListPaths = (
				"${PODS_ROOT}/Target Support Files/Pods-Twitta-TwittaUITests/Pods-Twitta-TwittaUITests-frameworks-${CONFIGURATION}-input-files.xcfilelist",
			);
			name = "[CP] Embed Pods Frameworks";
			outputFileListPaths = (
				"${PODS_ROOT}/Target Support Files/Pods-Twitta-TwittaUITests/Pods-Twitta-TwittaUITests-frameworks-${CONFIGURATION}-output-files.xcfilelist",
			);
			runOnlyForDeploymentPostprocessing = 0;
			shellPath = /bin/sh;
			shellScript = "\"${PODS_ROOT}/Target Support Files/Pods-Twitta-TwittaUITests/Pods-Twitta-TwittaUITests-frameworks.sh\"\n";
			showEnvVarsInLog = 0;
		};
		8E296F2F826949236169A6C6 /* [CP] Check Pods Manifest.lock */ = {
			isa = PBXShellScriptBuildPhase;
			buildActionMask = 2147483647;
			files = (
			);
			inputFileListPaths = (
			);
			inputPaths = (
				"${PODS_PODFILE_DIR_PATH}/Podfile.lock",
				"${PODS_ROOT}/Manifest.lock",
			);
			name = "[CP] Check Pods Manifest.lock";
			outputFileListPaths = (
			);
			outputPaths = (
				"$(DERIVED_FILE_DIR)/Pods-TwittaTests-checkManifestLockResult.txt",
			);
			runOnlyForDeploymentPostprocessing = 0;
			shellPath = /bin/sh;
			shellScript = "diff \"${PODS_PODFILE_DIR_PATH}/Podfile.lock\" \"${PODS_ROOT}/Manifest.lock\" > /dev/null\nif [ $? != 0 ] ; then\n    # print error to STDERR\n    echo \"error: The sandbox is not in sync with the Podfile.lock. Run 'pod install' or update your CocoaPods installation.\" >&2\n    exit 1\nfi\n# This output is used by Xcode 'outputs' to avoid re-running this script phase.\necho \"SUCCESS\" > \"${SCRIPT_OUTPUT_FILE_0}\"\n";
			showEnvVarsInLog = 0;
		};
/* End PBXShellScriptBuildPhase section */

/* Begin PBXSourcesBuildPhase section */
		BAC4EFE023F7B69200DE5A1B /* Sources */ = {
			isa = PBXSourcesBuildPhase;
			buildActionMask = 2147483647;
			files = (
				BA33BCB323FD26FF00B4DE2B /* TextView.swift in Sources */,
				BA015DB223FCE9DD00DD84D1 /* CreateTwitt.swift in Sources */,
				BAC4EFE823F7B69200DE5A1B /* AppDelegate.swift in Sources */,
				BAC4EFEA23F7B69200DE5A1B /* SceneDelegate.swift in Sources */,
				BA015DAF23FCE4E700DD84D1 /* FloatingButton.swift in Sources */,
				BA20647323F7E12F009DF273 /* Twitt.swift in Sources */,
				BAC4EFEC23F7B69200DE5A1B /* ContentView.swift in Sources */,
			);
			runOnlyForDeploymentPostprocessing = 0;
		};
		BAC4EFF623F7B69500DE5A1B /* Sources */ = {
			isa = PBXSourcesBuildPhase;
			buildActionMask = 2147483647;
			files = (
				BAC4EFFF23F7B69500DE5A1B /* TwittaTests.swift in Sources */,
			);
			runOnlyForDeploymentPostprocessing = 0;
		};
		BAC4F00123F7B69500DE5A1B /* Sources */ = {
			isa = PBXSourcesBuildPhase;
			buildActionMask = 2147483647;
			files = (
				BAC4F00A23F7B69500DE5A1B /* TwittaUITests.swift in Sources */,
			);
			runOnlyForDeploymentPostprocessing = 0;
		};
/* End PBXSourcesBuildPhase section */

/* Begin PBXTargetDependency section */
		BAC4EFFC23F7B69500DE5A1B /* PBXTargetDependency */ = {
			isa = PBXTargetDependency;
			target = BAC4EFE323F7B69200DE5A1B /* Twitta */;
			targetProxy = BAC4EFFB23F7B69500DE5A1B /* PBXContainerItemProxy */;
		};
		BAC4F00723F7B69500DE5A1B /* PBXTargetDependency */ = {
			isa = PBXTargetDependency;
			target = BAC4EFE323F7B69200DE5A1B /* Twitta */;
			targetProxy = BAC4F00623F7B69500DE5A1B /* PBXContainerItemProxy */;
		};
/* End PBXTargetDependency section */

/* Begin PBXVariantGroup section */
		BAC4EFF223F7B69500DE5A1B /* LaunchScreen.storyboard */ = {
			isa = PBXVariantGroup;
			children = (
				BAC4EFF323F7B69500DE5A1B /* Base */,
			);
			name = LaunchScreen.storyboard;
			sourceTree = "<group>";
		};
/* End PBXVariantGroup section */

/* Begin XCBuildConfiguration section */
		BAC4F00C23F7B69500DE5A1B /* Debug */ = {
			isa = XCBuildConfiguration;
			buildSettings = {
				ALWAYS_SEARCH_USER_PATHS = NO;
				CLANG_ANALYZER_NONNULL = YES;
				CLANG_ANALYZER_NUMBER_OBJECT_CONVERSION = YES_AGGRESSIVE;
				CLANG_CXX_LANGUAGE_STANDARD = "gnu++14";
				CLANG_CXX_LIBRARY = "libc++";
				CLANG_ENABLE_MODULES = YES;
				CLANG_ENABLE_OBJC_ARC = YES;
				CLANG_ENABLE_OBJC_WEAK = YES;
				CLANG_WARN_BLOCK_CAPTURE_AUTORELEASING = YES;
				CLANG_WARN_BOOL_CONVERSION = YES;
				CLANG_WARN_COMMA = YES;
				CLANG_WARN_CONSTANT_CONVERSION = YES;
				CLANG_WARN_DEPRECATED_OBJC_IMPLEMENTATIONS = YES;
				CLANG_WARN_DIRECT_OBJC_ISA_USAGE = YES_ERROR;
				CLANG_WARN_DOCUMENTATION_COMMENTS = YES;
				CLANG_WARN_EMPTY_BODY = YES;
				CLANG_WARN_ENUM_CONVERSION = YES;
				CLANG_WARN_INFINITE_RECURSION = YES;
				CLANG_WARN_INT_CONVERSION = YES;
				CLANG_WARN_NON_LITERAL_NULL_CONVERSION = YES;
				CLANG_WARN_OBJC_IMPLICIT_RETAIN_SELF = YES;
				CLANG_WARN_OBJC_LITERAL_CONVERSION = YES;
				CLANG_WARN_OBJC_ROOT_CLASS = YES_ERROR;
				CLANG_WARN_RANGE_LOOP_ANALYSIS = YES;
				CLANG_WARN_STRICT_PROTOTYPES = YES;
				CLANG_WARN_SUSPICIOUS_MOVE = YES;
				CLANG_WARN_UNGUARDED_AVAILABILITY = YES_AGGRESSIVE;
				CLANG_WARN_UNREACHABLE_CODE = YES;
				CLANG_WARN__DUPLICATE_METHOD_MATCH = YES;
				COPY_PHASE_STRIP = NO;
				DEBUG_INFORMATION_FORMAT = dwarf;
				ENABLE_STRICT_OBJC_MSGSEND = YES;
				ENABLE_TESTABILITY = YES;
				GCC_C_LANGUAGE_STANDARD = gnu11;
				GCC_DYNAMIC_NO_PIC = NO;
				GCC_NO_COMMON_BLOCKS = YES;
				GCC_OPTIMIZATION_LEVEL = 0;
				GCC_PREPROCESSOR_DEFINITIONS = (
					"DEBUG=1",
					"$(inherited)",
				);
				GCC_WARN_64_TO_32_BIT_CONVERSION = YES;
				GCC_WARN_ABOUT_RETURN_TYPE = YES_ERROR;
				GCC_WARN_UNDECLARED_SELECTOR = YES;
				GCC_WARN_UNINITIALIZED_AUTOS = YES_AGGRESSIVE;
				GCC_WARN_UNUSED_FUNCTION = YES;
				GCC_WARN_UNUSED_VARIABLE = YES;
				IPHONEOS_DEPLOYMENT_TARGET = 13.2;
				MTL_ENABLE_DEBUG_INFO = INCLUDE_SOURCE;
				MTL_FAST_MATH = YES;
				ONLY_ACTIVE_ARCH = YES;
				SDKROOT = iphoneos;
				SWIFT_ACTIVE_COMPILATION_CONDITIONS = DEBUG;
				SWIFT_OPTIMIZATION_LEVEL = "-Onone";
			};
			name = Debug;
		};
		BAC4F00D23F7B69500DE5A1B /* Release */ = {
			isa = XCBuildConfiguration;
			buildSettings = {
				ALWAYS_SEARCH_USER_PATHS = NO;
				CLANG_ANALYZER_NONNULL = YES;
				CLANG_ANALYZER_NUMBER_OBJECT_CONVERSION = YES_AGGRESSIVE;
				CLANG_CXX_LANGUAGE_STANDARD = "gnu++14";
				CLANG_CXX_LIBRARY = "libc++";
				CLANG_ENABLE_MODULES = YES;
				CLANG_ENABLE_OBJC_ARC = YES;
				CLANG_ENABLE_OBJC_WEAK = YES;
				CLANG_WARN_BLOCK_CAPTURE_AUTORELEASING = YES;
				CLANG_WARN_BOOL_CONVERSION = YES;
				CLANG_WARN_COMMA = YES;
				CLANG_WARN_CONSTANT_CONVERSION = YES;
				CLANG_WARN_DEPRECATED_OBJC_IMPLEMENTATIONS = YES;
				CLANG_WARN_DIRECT_OBJC_ISA_USAGE = YES_ERROR;
				CLANG_WARN_DOCUMENTATION_COMMENTS = YES;
				CLANG_WARN_EMPTY_BODY = YES;
				CLANG_WARN_ENUM_CONVERSION = YES;
				CLANG_WARN_INFINITE_RECURSION = YES;
				CLANG_WARN_INT_CONVERSION = YES;
				CLANG_WARN_NON_LITERAL_NULL_CONVERSION = YES;
				CLANG_WARN_OBJC_IMPLICIT_RETAIN_SELF = YES;
				CLANG_WARN_OBJC_LITERAL_CONVERSION = YES;
				CLANG_WARN_OBJC_ROOT_CLASS = YES_ERROR;
				CLANG_WARN_RANGE_LOOP_ANALYSIS = YES;
				CLANG_WARN_STRICT_PROTOTYPES = YES;
				CLANG_WARN_SUSPICIOUS_MOVE = YES;
				CLANG_WARN_UNGUARDED_AVAILABILITY = YES_AGGRESSIVE;
				CLANG_WARN_UNREACHABLE_CODE = YES;
				CLANG_WARN__DUPLICATE_METHOD_MATCH = YES;
				COPY_PHASE_STRIP = NO;
				DEBUG_INFORMATION_FORMAT = "dwarf-with-dsym";
				ENABLE_NS_ASSERTIONS = NO;
				ENABLE_STRICT_OBJC_MSGSEND = YES;
				GCC_C_LANGUAGE_STANDARD = gnu11;
				GCC_NO_COMMON_BLOCKS = YES;
				GCC_WARN_64_TO_32_BIT_CONVERSION = YES;
				GCC_WARN_ABOUT_RETURN_TYPE = YES_ERROR;
				GCC_WARN_UNDECLARED_SELECTOR = YES;
				GCC_WARN_UNINITIALIZED_AUTOS = YES_AGGRESSIVE;
				GCC_WARN_UNUSED_FUNCTION = YES;
				GCC_WARN_UNUSED_VARIABLE = YES;
				IPHONEOS_DEPLOYMENT_TARGET = 13.2;
				MTL_ENABLE_DEBUG_INFO = NO;
				MTL_FAST_MATH = YES;
				SDKROOT = iphoneos;
				SWIFT_COMPILATION_MODE = wholemodule;
				SWIFT_OPTIMIZATION_LEVEL = "-O";
				VALIDATE_PRODUCT = YES;
			};
			name = Release;
		};
		BAC4F00F23F7B69500DE5A1B /* Debug */ = {
			isa = XCBuildConfiguration;
			baseConfigurationReference = EF0E928C57B71189713AB4EF /* Pods-Twitta.debug.xcconfig */;
			buildSettings = {
				ASSETCATALOG_COMPILER_APPICON_NAME = AppIcon;
				CODE_SIGN_STYLE = Automatic;
				DEVELOPMENT_ASSET_PATHS = "\"Twitta/Preview Content\"";
				DEVELOPMENT_TEAM = M52W2L8ZQV;
				ENABLE_PREVIEWS = YES;
				INFOPLIST_FILE = Twitta/Info.plist;
				LD_RUNPATH_SEARCH_PATHS = (
					"$(inherited)",
					"@executable_path/Frameworks",
				);
				OTHER_SWIFT_FLAGS = "$(inherited) -Xcc -DFB_SONARKIT_ENABLED";
				PRODUCT_BUNDLE_IDENTIFIER = com.corasan.Twitta;
				PRODUCT_NAME = "$(TARGET_NAME)";
				SWIFT_VERSION = 5.0;
				TARGETED_DEVICE_FAMILY = "1,2";
			};
			name = Debug;
		};
		BAC4F01023F7B69500DE5A1B /* Release */ = {
			isa = XCBuildConfiguration;
			baseConfigurationReference = B8DFC2BEC3CE66A0E6E3789F /* Pods-Twitta.release.xcconfig */;
			buildSettings = {
				ASSETCATALOG_COMPILER_APPICON_NAME = AppIcon;
				CODE_SIGN_STYLE = Automatic;
				DEVELOPMENT_ASSET_PATHS = "\"Twitta/Preview Content\"";
				DEVELOPMENT_TEAM = M52W2L8ZQV;
				ENABLE_PREVIEWS = YES;
				INFOPLIST_FILE = Twitta/Info.plist;
				LD_RUNPATH_SEARCH_PATHS = (
					"$(inherited)",
					"@executable_path/Frameworks",
				);
				OTHER_SWIFT_FLAGS = "$(inherited) -Xcc -DFB_SONARKIT_ENABLED";
				PRODUCT_BUNDLE_IDENTIFIER = com.corasan.Twitta;
				PRODUCT_NAME = "$(TARGET_NAME)";
				SWIFT_VERSION = 5.0;
				TARGETED_DEVICE_FAMILY = "1,2";
			};
			name = Release;
		};
		BAC4F01223F7B69500DE5A1B /* Debug */ = {
			isa = XCBuildConfiguration;
			baseConfigurationReference = DCE5DD35B9236F26949D523B /* Pods-TwittaTests.debug.xcconfig */;
			buildSettings = {
				ALWAYS_EMBED_SWIFT_STANDARD_LIBRARIES = YES;
				BUNDLE_LOADER = "$(TEST_HOST)";
				CODE_SIGN_STYLE = Automatic;
				DEVELOPMENT_TEAM = M52W2L8ZQV;
				INFOPLIST_FILE = TwittaTests/Info.plist;
				IPHONEOS_DEPLOYMENT_TARGET = 13.2;
				LD_RUNPATH_SEARCH_PATHS = (
					"$(inherited)",
					"@executable_path/Frameworks",
					"@loader_path/Frameworks",
				);
				OTHER_SWIFT_FLAGS = "$(inherited) -Xcc -DFB_SONARKIT_ENABLED";
				PRODUCT_BUNDLE_IDENTIFIER = com.corasan.TwittaTests;
				PRODUCT_NAME = "$(TARGET_NAME)";
				SWIFT_VERSION = 5.0;
				TARGETED_DEVICE_FAMILY = "1,2";
				TEST_HOST = "$(BUILT_PRODUCTS_DIR)/Twitta.app/Twitta";
			};
			name = Debug;
		};
		BAC4F01323F7B69500DE5A1B /* Release */ = {
			isa = XCBuildConfiguration;
			baseConfigurationReference = A6F580E347DD41AE38385B7F /* Pods-TwittaTests.release.xcconfig */;
			buildSettings = {
				ALWAYS_EMBED_SWIFT_STANDARD_LIBRARIES = YES;
				BUNDLE_LOADER = "$(TEST_HOST)";
				CODE_SIGN_STYLE = Automatic;
				DEVELOPMENT_TEAM = M52W2L8ZQV;
				INFOPLIST_FILE = TwittaTests/Info.plist;
				IPHONEOS_DEPLOYMENT_TARGET = 13.2;
				LD_RUNPATH_SEARCH_PATHS = (
					"$(inherited)",
					"@executable_path/Frameworks",
					"@loader_path/Frameworks",
				);
				OTHER_SWIFT_FLAGS = "$(inherited) -Xcc -DFB_SONARKIT_ENABLED";
				PRODUCT_BUNDLE_IDENTIFIER = com.corasan.TwittaTests;
				PRODUCT_NAME = "$(TARGET_NAME)";
				SWIFT_VERSION = 5.0;
				TARGETED_DEVICE_FAMILY = "1,2";
				TEST_HOST = "$(BUILT_PRODUCTS_DIR)/Twitta.app/Twitta";
			};
			name = Release;
		};
		BAC4F01523F7B69500DE5A1B /* Debug */ = {
			isa = XCBuildConfiguration;
			baseConfigurationReference = 6C80C78B6F73F0701C49F0B8 /* Pods-Twitta-TwittaUITests.debug.xcconfig */;
			buildSettings = {
				ALWAYS_EMBED_SWIFT_STANDARD_LIBRARIES = YES;
				CODE_SIGN_STYLE = Automatic;
				DEVELOPMENT_TEAM = M52W2L8ZQV;
				INFOPLIST_FILE = TwittaUITests/Info.plist;
				LD_RUNPATH_SEARCH_PATHS = (
					"$(inherited)",
					"@executable_path/Frameworks",
					"@loader_path/Frameworks",
				);
				OTHER_SWIFT_FLAGS = "$(inherited) -Xcc -DFB_SONARKIT_ENABLED";
				PRODUCT_BUNDLE_IDENTIFIER = com.corasan.TwittaUITests;
				PRODUCT_NAME = "$(TARGET_NAME)";
				SWIFT_VERSION = 5.0;
				TARGETED_DEVICE_FAMILY = "1,2";
				TEST_TARGET_NAME = Twitta;
			};
			name = Debug;
		};
		BAC4F01623F7B69500DE5A1B /* Release */ = {
			isa = XCBuildConfiguration;
			baseConfigurationReference = 6AB9BEB1A0FF618D40D22BFB /* Pods-Twitta-TwittaUITests.release.xcconfig */;
			buildSettings = {
				ALWAYS_EMBED_SWIFT_STANDARD_LIBRARIES = YES;
				CODE_SIGN_STYLE = Automatic;
				DEVELOPMENT_TEAM = M52W2L8ZQV;
				INFOPLIST_FILE = TwittaUITests/Info.plist;
				LD_RUNPATH_SEARCH_PATHS = (
					"$(inherited)",
					"@executable_path/Frameworks",
					"@loader_path/Frameworks",
				);
				OTHER_SWIFT_FLAGS = "$(inherited) -Xcc -DFB_SONARKIT_ENABLED";
				PRODUCT_BUNDLE_IDENTIFIER = com.corasan.TwittaUITests;
				PRODUCT_NAME = "$(TARGET_NAME)";
				SWIFT_VERSION = 5.0;
				TARGETED_DEVICE_FAMILY = "1,2";
				TEST_TARGET_NAME = Twitta;
			};
			name = Release;
		};
/* End XCBuildConfiguration section */

/* Begin XCConfigurationList section */
		BAC4EFDF23F7B69200DE5A1B /* Build configuration list for PBXProject "Twitta" */ = {
			isa = XCConfigurationList;
			buildConfigurations = (
				BAC4F00C23F7B69500DE5A1B /* Debug */,
				BAC4F00D23F7B69500DE5A1B /* Release */,
			);
			defaultConfigurationIsVisible = 0;
			defaultConfigurationName = Release;
		};
		BAC4F00E23F7B69500DE5A1B /* Build configuration list for PBXNativeTarget "Twitta" */ = {
			isa = XCConfigurationList;
			buildConfigurations = (
				BAC4F00F23F7B69500DE5A1B /* Debug */,
				BAC4F01023F7B69500DE5A1B /* Release */,
			);
			defaultConfigurationIsVisible = 0;
			defaultConfigurationName = Release;
		};
		BAC4F01123F7B69500DE5A1B /* Build configuration list for PBXNativeTarget "TwittaTests" */ = {
			isa = XCConfigurationList;
			buildConfigurations = (
				BAC4F01223F7B69500DE5A1B /* Debug */,
				BAC4F01323F7B69500DE5A1B /* Release */,
			);
			defaultConfigurationIsVisible = 0;
			defaultConfigurationName = Release;
		};
		BAC4F01423F7B69500DE5A1B /* Build configuration list for PBXNativeTarget "TwittaUITests" */ = {
			isa = XCConfigurationList;
			buildConfigurations = (
				BAC4F01523F7B69500DE5A1B /* Debug */,
				BAC4F01623F7B69500DE5A1B /* Release */,
			);
			defaultConfigurationIsVisible = 0;
			defaultConfigurationName = Release;
		};
/* End XCConfigurationList section */
	};
	rootObject = BAC4EFDC23F7B69200DE5A1B /* Project object */;
}
